
Microsoft Visual Studio Solution File, Format Version 12.00
# Visual Studio Version 17
VisualStudioVersion = 17.4.33110.190
MinimumVisualStudioVersion = 10.0.40219.1
Project("{FAE04EC0-301F-11D3-BF4B-00C04F79EFBC}") = "ConsoleApp2", "ConsoleApp2.csproj", "{48F0DA1C-8DA4-4DC9-9BFB-2277EB26BC22}"
EndProject
Global
	GlobalSection(SolutionConfigurationPlatforms) = preSolution
		Debug|Any CPU = Debug|Any CPU
		Release|Any CPU = Release|Any CPU
	EndGlobalSection
	GlobalSection(ProjectConfigurationPlatforms) = postSolution
		{48F0DA1C-8DA4-4DC9-9BFB-2277EB26BC22}.Debug|Any CPU.ActiveCfg = Debug|Any CPU
		{48F0DA1C-8DA4-4DC9-9BFB-2277EB26BC22}.Debug|Any CPU.Build.0 = Debug|Any CPU
		{48F0DA1C-8DA4-4DC9-9BFB-2277EB26BC22}.Release|Any CPU.ActiveCfg = Release|Any CPU
		{48F0DA1C-8DA4-4DC9-9BFB-2277EB26BC22}.Release|Any CPU.Build.0 = Release|Any CPU
	EndGlobalSection
	GlobalSection(SolutionProperties) = preSolution
		HideSolutionNode = FALSE
	EndGlobalSection
	GlobalSection(ExtensibilityGlobals) = postSolution
		SolutionGuid = {DF174546-C0C5-46ED-BBA4-58263DA79FF9}
	EndGlobalSection
EndGlobal
